
Microsoft Visual Studio Solution File, Format Version 12.00
# Visual Studio Version 17
VisualStudioVersion = 17.11.35312.102
MinimumVisualStudioVersion = 10.0.40219.1
Project("{FAE04EC0-301F-11D3-BF4B-00C04F79EFBC}") = "NumberGusser", "NumberGusser.csproj", "{12B50B15-A3EA-46F8-8DB3-EC7819D359C3}"
EndProject
Global
	GlobalSection(SolutionConfigurationPlatforms) = preSolution
		Debug|Any CPU = Debug|Any CPU
		Release|Any CPU = Release|Any CPU
	EndGlobalSection
	GlobalSection(ProjectConfigurationPlatforms) = postSolution
		{12B50B15-A3EA-46F8-8DB3-EC7819D359C3}.Debug|Any CPU.ActiveCfg = Debug|Any CPU
		{12B50B15-A3EA-46F8-8DB3-EC7819D359C3}.Debug|Any CPU.Build.0 = Debug|Any CPU
		{12B50B15-A3EA-46F8-8DB3-EC7819D359C3}.Release|Any CPU.ActiveCfg = Release|Any CPU
		{12B50B15-A3EA-46F8-8DB3-EC7819D359C3}.Release|Any CPU.Build.0 = Release|Any CPU
	EndGlobalSection
	GlobalSection(SolutionProperties) = preSolution
		HideSolutionNode = FALSE
	EndGlobalSection
	GlobalSection(ExtensibilityGlobals) = postSolution
		SolutionGuid = {7D0553DF-94CA-4037-9BD8-7E9484410001}
	EndGlobalSection
EndGlobal
